// !$*UTF8*$!
{
	archiveVersion = 1;
	classes = {
	};
	objectVersion = 46;
	objects = {

/* Begin PBXBuildFile section */
		4A55C5081C7C52CF001AA9E6 /* main.m in Sources */ = {isa = PBXBuildFile; fileRef = 4A55C5071C7C52CF001AA9E6 /* main.m */; };
		4A55C50B1C7C52CF001AA9E6 /* AppDelegate.m in Sources */ = {isa = PBXBuildFile; fileRef = 4A55C50A1C7C52CF001AA9E6 /* AppDelegate.m */; };
		4A55C50E1C7C52CF001AA9E6 /* ViewController.m in Sources */ = {isa = PBXBuildFile; fileRef = 4A55C50D1C7C52CF001AA9E6 /* ViewController.m */; };
		4A55C5111C7C52CF001AA9E6 /* Main.storyboard in Resources */ = {isa = PBXBuildFile; fileRef = 4A55C50F1C7C52CF001AA9E6 /* Main.storyboard */; };
		4A55C5131C7C52CF001AA9E6 /* Assets.xcassets in Resources */ = {isa = PBXBuildFile; fileRef = 4A55C5121C7C52CF001AA9E6 /* Assets.xcassets */; };
		4A55C5161C7C52CF001AA9E6 /* LaunchScreen.storyboard in Resources */ = {isa = PBXBuildFile; fileRef = 4A55C5141C7C52CF001AA9E6 /* LaunchScreen.storyboard */; };
		4A55C51F1C7C52E7001AA9E6 /* MyView.m in Sources */ = {isa = PBXBuildFile; fileRef = 4A55C51E1C7C52E7001AA9E6 /* MyView.m */; };
		4A781BDD1C7D44F4004798D3 /* 1.jpg in Resources */ = {isa = PBXBuildFile; fileRef = 4A781BDC1C7D44F4004798D3 /* 1.jpg */; };
/* End PBXBuildFile section */

/* Begin PBXFileReference section */
		4A55C5031C7C52CF001AA9E6 /* 头.app */ = {isa = PBXFileReference; explicitFileType = wrapper.application; includeInIndex = 0; path = "头.app"; sourceTree = BUILT_PRODUCTS_DIR; };
		4A55C5071C7C52CF001AA9E6 /* main.m */ = {isa = PBXFileReference; lastKnownFileType = sourcecode.c.objc; path = main.m; sourceTree = "<group>"; };
		4A55C5091C7C52CF001AA9E6 /* AppDelegate.h */ = {isa = PBXFileReference; lastKnownFileType = sourcecode.c.h; path = AppDelegate.h; sourceTree = "<group>"; };
		4A55C50A1C7C52CF001AA9E6 /* AppDelegate.m */ = {isa = PBXFileReference; lastKnownFileType = sourcecode.c.objc; path = AppDelegate.m; sourceTree = "<group>"; };
		4A55C50C1C7C52CF001AA9E6 /* ViewController.h */ = {isa = PBXFileReference; lastKnownFileType = sourcecode.c.h; path = ViewController.h; sourceTree = "<group>"; };
		4A55C50D1C7C52CF001AA9E6 /* ViewController.m */ = {isa = PBXFileReference; lastKnownFileType = sourcecode.c.objc; path = ViewController.m; sourceTree = "<group>"; };
		4A55C5101C7C52CF001AA9E6 /* Base */ = {isa = PBXFileReference; lastKnownFileType = file.storyboard; name = Base; path = Base.lproj/Main.storyboard; sourceTree = "<group>"; };
		4A55C5121C7C52CF001AA9E6 /* Assets.xcassets */ = {isa = PBXFileReference; lastKnownFileType = folder.assetcatalog; path = Assets.xcassets; sourceTree = "<group>"; };
		4A55C5151C7C52CF001AA9E6 /* Base */ = {isa = PBXFileReference; lastKnownFileType = file.storyboard; name = Base; path = Base.lproj/LaunchScreen.storyboard; sourceTree = "<group>"; };
		4A55C5171C7C52CF001AA9E6 /* Info.plist */ = {isa = PBXFileReference; lastKnownFileType = text.plist.xml; path = Info.plist; sourceTree = "<group>"; };
		4A55C51D1C7C52E7001AA9E6 /* MyView.h */ = {isa = PBXFileReference; fileEncoding = 4; lastKnownFileType = sourcecode.c.h; path = MyView.h; sourceTree = "<group>"; };
		4A55C51E1C7C52E7001AA9E6 /* MyView.m */ = {isa = PBXFileReference; fileEncoding = 4; lastKnownFileType = sourcecode.c.objc; path = MyView.m; sourceTree = "<group>"; };
		4A781BDC1C7D44F4004798D3 /* 1.jpg */ = {isa = PBXFileReference; lastKnownFileType = image.jpeg; path = 1.jpg; sourceTree = "<group>"; };
/* End PBXFileReference section */

/* Begin PBXFrameworksBuildPhase section */
		4A55C5001C7C52CF001AA9E6 /* Frameworks */ = {
			isa = PBXFrameworksBuildPhase;
			buildActionMask = 2147483647;
			files = (
			);
			runOnlyForDeploymentPostprocessing = 0;
		};
/* End PBXFrameworksBuildPhase section */

/* Begin PBXGroup section */
		4A55C4FA1C7C52CF001AA9E6 = {
			isa = PBXGroup;
			children = (
				4A55C5051C7C52CF001AA9E6 /* 头 */,
				4A55C5041C7C52CF001AA9E6 /* Products */,
			);
			sourceTree = "<group>";
		};
		4A55C5041C7C52CF001AA9E6 /* Products */ = {
			isa = PBXGroup;
			children = (
				4A55C5031C7C52CF001AA9E6 /* 头.app */,
			);
			name = Products;
			sourceTree = "<group>";
		};
		4A55C5051C7C52CF001AA9E6 /* 头 */ = {
			isa = PBXGroup;
			children = (
				4A55C5091C7C52CF001AA9E6 /* AppDelegate.h */,
				4A55C50A1C7C52CF001AA9E6 /* AppDelegate.m */,
				4A55C50C1C7C52CF001AA9E6 /* ViewController.h */,
				4A55C50D1C7C52CF001AA9E6 /* ViewController.m */,
				4A55C51D1C7C52E7001AA9E6 /* MyView.h */,
				4A55C51E1C7C52E7001AA9E6 /* MyView.m */,
				4A781BDC1C7D44F4004798D3 /* 1.jpg */,
				4A55C50F1C7C52CF001AA9E6 /* Main.storyboard */,
				4A55C5121C7C52CF001AA9E6 /* Assets.xcassets */,
				4A55C5141C7C52CF001AA9E6 /* LaunchScreen.storyboard */,
				4A55C5171C7C52CF001AA9E6 /* Info.plist */,
				4A55C5061C7C52CF001AA9E6 /* Supporting Files */,
			);
			path = "头";
			sourceTree = "<group>";
		};
		4A55C5061C7C52CF001AA9E6 /* Supporting Files */ = {
			isa = PBXGroup;
			children = (
				4A55C5071C7C52CF001AA9E6 /* main.m */,
			);
			name = "Supporting Files";
			sourceTree = "<group>";
		};
/* End PBXGroup section */

/* Begin PBXNativeTarget section */
		4A55C5021C7C52CF001AA9E6 /* 头 */ = {
			isa = PBXNativeTarget;
			buildConfigurationList = 4A55C51A1C7C52CF001AA9E6 /* Build configuration list for PBXNativeTarget "头" */;
			buildPhases = (
				4A55C4FF1C7C52CF001AA9E6 /* Sources */,
				4A55C5001C7C52CF001AA9E6 /* Frameworks */,
				4A55C5011C7C52CF001AA9E6 /* Resources */,
			);
			buildRules = (
			);
			dependencies = (
			);
			name = "头";
			productName = "头";
			productReference = 4A55C5031C7C52CF001AA9E6 /* 头.app */;
			productType = "com.apple.product-type.application";
		};
/* End PBXNativeTarget section */

/* Begin PBXProject section */
		4A55C4FB1C7C52CF001AA9E6 /* Project object */ = {
			isa = PBXProject;
			attributes = {
				LastUpgradeCheck = 0710;
				ORGANIZATIONNAME = "楚晨晨";
				TargetAttributes = {
					4A55C5021C7C52CF001AA9E6 = {
						CreatedOnToolsVersion = 7.1;
					};
				};
			};
			buildConfigurationList = 4A55C4FE1C7C52CF001AA9E6 /* Build configuration list for PBXProject "头" */;
			compatibilityVersion = "Xcode 3.2";
			developmentRegion = English;
			hasScannedForEncodings = 0;
			knownRegions = (
				en,
				Base,
			);
			mainGroup = 4A55C4FA1C7C52CF001AA9E6;
			productRefGroup = 4A55C5041C7C52CF001AA9E6 /* Products */;
			projectDirPath = "";
			projectRoot = "";
			targets = (
				4A55C5021C7C52CF001AA9E6 /* 头 */,
			);
		};
/* End PBXProject section */

/* Begin PBXResourcesBuildPhase section */
		4A55C5011C7C52CF001AA9E6 /* Resources */ = {
			isa = PBXResourcesBuildPhase;
			buildActionMask = 2147483647;
			files = (
				4A55C5161C7C52CF001AA9E6 /* LaunchScreen.storyboard in Resources */,
				4A55C5131C7C52CF001AA9E6 /* Assets.xcassets in Resources */,
				4A55C5111C7C52CF001AA9E6 /* Main.storyboard in Resources */,
				4A781BDD1C7D44F4004798D3 /* 1.jpg in Resources */,
			);
			runOnlyForDeploymentPostprocessing = 0;
		};
/* End PBXResourcesBuildPhase section */

/* Begin PBXSourcesBuildPhase section */
		4A55C4FF1C7C52CF001AA9E6 /* Sources */ = {
			isa = PBXSourcesBuildPhase;
			buildActionMask = 2147483647;
			files = (
				4A55C51F1C7C52E7001AA9E6 /* MyView.m in Sources */,
				4A55C50E1C7C52CF001AA9E6 /* ViewController.m in Sources */,
				4A55C50B1C7C52CF001AA9E6 /* AppDelegate.m in Sources */,
				4A55C5081C7C52CF001AA9E6 /* main.m in Sources */,
			);
			runOnlyForDeploymentPostprocessing = 0;
		};
/* End PBXSourcesBuildPhase section */

/* Begin PBXVariantGroup section */
		4A55C50F1C7C52CF001AA9E6 /* Main.storyboard */ = {
			isa = PBXVariantGroup;
			children = (
				4A55C5101C7C52CF001AA9E6 /* Base */,
			);
			name = Main.storyboard;
			sourceTree = "<group>";
		};
		4A55C5141C7C52CF001AA9E6 /* LaunchScreen.storyboard */ = {
			isa = PBXVariantGroup;
			children = (
				4A55C5151C7C52CF001AA9E6 /* Base */,
			);
			name = LaunchScreen.storyboard;
			sourceTree = "<group>";
		};
/* End PBXVariantGroup section */

/* Begin XCBuildConfiguration section */
		4A55C5181C7C52CF001AA9E6 /* Debug */ = {
			isa = XCBuildConfiguration;
			buildSettings = {
				ALWAYS_SEARCH_USER_PATHS = NO;
				CLANG_CXX_LANGUAGE_STANDARD = "gnu++0x";
				CLANG_CXX_LIBRARY = "libc++";
				CLANG_ENABLE_MODULES = YES;
				CLANG_ENABLE_OBJC_ARC = YES;
				CLANG_WARN_BOOL_CONVERSION = YES;
				CLANG_WARN_CONSTANT_CONVERSION = YES;
				CLANG_WARN_DIRECT_OBJC_ISA_USAGE = YES_ERROR;
				CLANG_WARN_EMPTY_BODY = YES;
				CLANG_WARN_ENUM_CONVERSION = YES;
				CLANG_WARN_INT_CONVERSION = YES;
				CLANG_WARN_OBJC_ROOT_CLASS = YES_ERROR;
				CLANG_WARN_UNREACHABLE_CODE = YES;
				CLANG_WARN__DUPLICATE_METHOD_MATCH = YES;
				"CODE_SIGN_IDENTITY[sdk=iphoneos*]" = "iPhone Developer";
				COPY_PHASE_STRIP = NO;
				DEBUG_INFORMATION_FORMAT = dwarf;
				ENABLE_STRICT_OBJC_MSGSEND = YES;
				ENABLE_TESTABILITY = YES;
				GCC_C_LANGUAGE_STANDARD = gnu99;
				GCC_DYNAMIC_NO_PIC = NO;
				GCC_NO_COMMON_BLOCKS = YES;
				GCC_OPTIMIZATION_LEVEL = 0;
				GCC_PREPROCESSOR_DEFINITIONS = (
					"DEBUG=1",
					"$(inherited)",
				);
				GCC_WARN_64_TO_32_BIT_CONVERSION = YES;
				GCC_WARN_ABOUT_RETURN_TYPE = YES_ERROR;
				GCC_WARN_UNDECLARED_SELECTOR = YES;
				GCC_WARN_UNINITIALIZED_AUTOS = YES_AGGRESSIVE;
				GCC_WARN_UNUSED_FUNCTION = YES;
				GCC_WARN_UNUSED_VARIABLE = YES;
				IPHONEOS_DEPLOYMENT_TARGET = 9.1;
				MTL_ENABLE_DEBUG_INFO = YES;
				ONLY_ACTIVE_ARCH = YES;
				SDKROOT = iphoneos;
			};
			name = Debug;
		};
		4A55C5191C7C52CF001AA9E6 /* Release */ = {
			isa = XCBuildConfiguration;
			buildSettings = {
				ALWAYS_SEARCH_USER_PATHS = NO;
				CLANG_CXX_LANGUAGE_STANDARD = "gnu++0x";
				CLANG_CXX_LIBRARY = "libc++";
				CLANG_ENABLE_MODULES = YES;
				CLANG_ENABLE_OBJC_ARC = YES;
				CLANG_WARN_BOOL_CONVERSION = YES;
				CLANG_WARN_CONSTANT_CONVERSION = YES;
				CLANG_WARN_DIRECT_OBJC_ISA_USAGE = YES_ERROR;
				CLANG_WARN_EMPTY_BODY = YES;
				CLANG_WARN_ENUM_CONVERSION = YES;
				CLANG_WARN_INT_CONVERSION = YES;
				CLANG_WARN_OBJC_ROOT_CLASS = YES_ERROR;
				CLANG_WARN_UNREACHABLE_CODE = YES;
				CLANG_WARN__DUPLICATE_METHOD_MATCH = YES;
				"CODE_SIGN_IDENTITY[sdk=iphoneos*]" = "iPhone Developer";
				COPY_PHASE_STRIP = NO;
				DEBUG_INFORMATION_FORMAT = "dwarf-with-dsym";
				ENABLE_NS_ASSERTIONS = NO;
				ENABLE_STRICT_OBJC_MSGSEND = YES;
				GCC_C_LANGUAGE_STANDARD = gnu99;
				GCC_NO_COMMON_BLOCKS = YES;
				GCC_WARN_64_TO_32_BIT_CONVERSION = YES;
				GCC_WARN_ABOUT_RETURN_TYPE = YES_ERROR;
				GCC_WARN_UNDECLARED_SELECTOR = YES;
				GCC_WARN_UNINITIALIZED_AUTOS = YES_AGGRESSIVE;
				GCC_WARN_UNUSED_FUNCTION = YES;
				GCC_WARN_UNUSED_VARIABLE = YES;
				IPHONEOS_DEPLOYMENT_TARGET = 9.1;
				MTL_ENABLE_DEBUG_INFO = NO;
				SDKROOT = iphoneos;
				VALIDATE_PRODUCT = YES;
			};
			name = Release;
		};
		4A55C51B1C7C52CF001AA9E6 /* Debug */ = {
			isa = XCBuildConfiguration;
			buildSettings = {
				ASSETCATALOG_COMPILER_APPICON_NAME = AppIcon;
				INFOPLIST_FILE = "头/Info.plist";
				LD_RUNPATH_SEARCH_PATHS = "$(inherited) @executable_path/Frameworks";
				PRODUCT_BUNDLE_IDENTIFIER = "com.ccc.-";
				PRODUCT_NAME = "$(TARGET_NAME)";
			};
			name = Debug;
		};
		4A55C51C1C7C52CF001AA9E6 /* Release */ = {
			isa = XCBuildConfiguration;
			buildSettings = {
				ASSETCATALOG_COMPILER_APPICON_NAME = AppIcon;
				INFOPLIST_FILE = "头/Info.plist";
				LD_RUNPATH_SEARCH_PATHS = "$(inherited) @executable_path/Frameworks";
				PRODUCT_BUNDLE_IDENTIFIER = "com.ccc.-";
				PRODUCT_NAME = "$(TARGET_NAME)";
			};
			name = Release;
		};
/* End XCBuildConfiguration section */

/* Begin XCConfigurationList section */
		4A55C4FE1C7C52CF001AA9E6 /* Build configuration list for PBXProject "头" */ = {
			isa = XCConfigurationList;
			buildConfigurations = (
				4A55C5181C7C52CF001AA9E6 /* Debug */,
				4A55C5191C7C52CF001AA9E6 /* Release */,
			);
			defaultConfigurationIsVisible = 0;
			defaultConfigurationName = Release;
		};
		4A55C51A1C7C52CF001AA9E6 /* Build configuration list for PBXNativeTarget "头" */ = {
			isa = XCConfigurationList;
			buildConfigurations = (
				4A55C51B1C7C52CF001AA9E6 /* Debug */,
				4A55C51C1C7C52CF001AA9E6 /* Release */,
			);
			defaultConfigurationIsVisible = 0;
			defaultConfigurationName = Release;
		};
/* End XCConfigurationList section */
	};
	rootObject = 4A55C4FB1C7C52CF001AA9E6 /* Project object */;
}
